
Microsoft Visual Studio Solution File, Format Version 12.00
# Visual Studio Version 17
VisualStudioVersion = 17.0.31919.166
MinimumVisualStudioVersion = 10.0.40219.1
Project("{FAE04EC0-301F-11D3-BF4B-00C04F79EFBC}") = "OfficeReservationService", "OfficeReservationService\OfficeReservationService.csproj", "{D57FFC74-FDAC-4CE1-95A9-90DBEF5FCAB2}"
EndProject
Global
	GlobalSection(SolutionConfigurationPlatforms) = preSolution
		Debug|Any CPU = Debug|Any CPU
		Release|Any CPU = Release|Any CPU
	EndGlobalSection
	GlobalSection(ProjectConfigurationPlatforms) = postSolution
		{D57FFC74-FDAC-4CE1-95A9-90DBEF5FCAB2}.Debug|Any CPU.ActiveCfg = Debug|Any CPU
		{D57FFC74-FDAC-4CE1-95A9-90DBEF5FCAB2}.Debug|Any CPU.Build.0 = Debug|Any CPU
		{D57FFC74-FDAC-4CE1-95A9-90DBEF5FCAB2}.Release|Any CPU.ActiveCfg = Release|Any CPU
		{D57FFC74-FDAC-4CE1-95A9-90DBEF5FCAB2}.Release|Any CPU.Build.0 = Release|Any CPU
	EndGlobalSection
	GlobalSection(SolutionProperties) = preSolution
		HideSolutionNode = FALSE
	EndGlobalSection
	GlobalSection(ExtensibilityGlobals) = postSolution
		SolutionGuid = {F5D3BC98-1AA6-461D-A6D0-5BE030C71C63}
	EndGlobalSection
EndGlobal
